
Microsoft Visual Studio Solution File, Format Version 12.00
# Visual Studio Version 17
VisualStudioVersion = 17.7.34202.233
MinimumVisualStudioVersion = 10.0.40219.1
Project("{FAE04EC0-301F-11D3-BF4B-00C04F79EFBC}") = "Sorveteria", "Sorveteria.csproj", "{98AB691D-F9AC-4E38-8AF0-DE641445BF85}"
EndProject
Global
	GlobalSection(SolutionConfigurationPlatforms) = preSolution
		Debug|Any CPU = Debug|Any CPU
		Release|Any CPU = Release|Any CPU
	EndGlobalSection
	GlobalSection(ProjectConfigurationPlatforms) = postSolution
		{98AB691D-F9AC-4E38-8AF0-DE641445BF85}.Debug|Any CPU.ActiveCfg = Debug|Any CPU
		{98AB691D-F9AC-4E38-8AF0-DE641445BF85}.Debug|Any CPU.Build.0 = Debug|Any CPU
		{98AB691D-F9AC-4E38-8AF0-DE641445BF85}.Release|Any CPU.ActiveCfg = Release|Any CPU
		{98AB691D-F9AC-4E38-8AF0-DE641445BF85}.Release|Any CPU.Build.0 = Release|Any CPU
	EndGlobalSection
	GlobalSection(SolutionProperties) = preSolution
		HideSolutionNode = FALSE
	EndGlobalSection
	GlobalSection(ExtensibilityGlobals) = postSolution
		SolutionGuid = {2C431C58-5C09-4832-A009-BD0B10BCCB91}
	EndGlobalSection
EndGlobal
